
Microsoft Visual Studio Solution File, Format Version 12.00
# Visual Studio Version 16
VisualStudioVersion = 16.0.30517.126
MinimumVisualStudioVersion = 10.0.40219.1
Project("{FAE04EC0-301F-11D3-BF4B-00C04F79EFBC}") = "RestWithASPNETUdemy", "RestWithASPNETUdemy\RestWithASPNETUdemy.csproj", "{C44A72E5-3B91-4F6C-BF51-393B2E3814CA}"
EndProject
Global
	GlobalSection(SolutionConfigurationPlatforms) = preSolution
		Debug|Any CPU = Debug|Any CPU
		Release|Any CPU = Release|Any CPU
	EndGlobalSection
	GlobalSection(ProjectConfigurationPlatforms) = postSolution
		{C44A72E5-3B91-4F6C-BF51-393B2E3814CA}.Debug|Any CPU.ActiveCfg = Debug|Any CPU
		{C44A72E5-3B91-4F6C-BF51-393B2E3814CA}.Debug|Any CPU.Build.0 = Debug|Any CPU
		{C44A72E5-3B91-4F6C-BF51-393B2E3814CA}.Release|Any CPU.ActiveCfg = Release|Any CPU
		{C44A72E5-3B91-4F6C-BF51-393B2E3814CA}.Release|Any CPU.Build.0 = Release|Any CPU
	EndGlobalSection
	GlobalSection(SolutionProperties) = preSolution
		HideSolutionNode = FALSE
	EndGlobalSection
	GlobalSection(ExtensibilityGlobals) = postSolution
		SolutionGuid = {B66F5802-D2E7-4078-AF5D-22999B65415B}
	EndGlobalSection
EndGlobal
